
Microsoft Visual Studio Solution File, Format Version 12.00
# Visual Studio Version 17
VisualStudioVersion = 17.6.33723.286
MinimumVisualStudioVersion = 10.0.40219.1
Project("{8BC9CEB8-8B4A-11D0-8D11-00A0C91BC942}") = "001_Matrix", "001_Matrix\001_Matrix.vcxproj", "{B5D71631-70A3-45AC-B444-A93B59029A93}"
EndProject
Project("{8BC9CEB8-8B4A-11D0-8D11-00A0C91BC942}") = "002_passCheck", "002_passCheck\002_passCheck.vcxproj", "{3E2EF580-60C0-4015-8A7C-8A5CC205AA16}"
EndProject
Project("{8BC9CEB8-8B4A-11D0-8D11-00A0C91BC942}") = "003_testing123", "003_testing123\003_testing123.vcxproj", "{64CE0809-A311-419A-9AD1-C4ABE7646B76}"
EndProject
Project("{8BC9CEB8-8B4A-11D0-8D11-00A0C91BC942}") = "004_countByX", "004_countByX\004_countByX.vcxproj", "{9ADEC5DD-565F-46CB-8170-18E70C12BF96}"
EndProject
Project("{8BC9CEB8-8B4A-11D0-8D11-00A0C91BC942}") = "005_growthOfPopulation", "005_growthOfPopulation\005_growthOfPopulation.vcxproj", "{516BCCFA-2558-4AA8-A822-E4FB9386C9FF}"
EndProject
Project("{8BC9CEB8-8B4A-11D0-8D11-00A0C91BC942}") = "008_thirdAngle", "008_thirdAngle\008_thirdAngle.vcxproj", "{4CA56232-F9BD-45BD-97C2-6D5356AE8060}"
EndProject
Project("{8BC9CEB8-8B4A-11D0-8D11-00A0C91BC942}") = "006_feastOfManyBeasts", "006_feastOfManyBeasts\006_feastOfManyBeasts.vcxproj", "{E737E464-E1AD-42DD-B241-2BBEA5623910}"
EndProject
Project("{8BC9CEB8-8B4A-11D0-8D11-00A0C91BC942}") = "007_highestAndLowest", "007_highestAndLowest\007_highestAndLowest.vcxproj", "{00B10B5A-DF55-462C-94B9-848A815A2DA6}"
EndProject
Project("{8BC9CEB8-8B4A-11D0-8D11-00A0C91BC942}") = "009_whatIsBetween", "009_whatIsBetween\009_whatIsBetween.vcxproj", "{BB12B0CA-0E72-4D8D-B33D-40A850E83675}"
EndProject
Project("{8BC9CEB8-8B4A-11D0-8D11-00A0C91BC942}") = "010_findMaxAndMin", "010_findMaxAndMin\010_findMaxAndMin.vcxproj", "{1C79740B-0560-4657-ACC9-92FF737B060C}"
EndProject
Project("{8BC9CEB8-8B4A-11D0-8D11-00A0C91BC942}") = "smth", "simpleOOPex\smth.vcxproj", "{CFE3FC09-877D-45C7-A966-60EE17E151AD}"
EndProject
Project("{8BC9CEB8-8B4A-11D0-8D11-00A0C91BC942}") = "oop_001", "oop_001\oop_001.vcxproj", "{754790E1-2309-4887-A760-ED158B735C35}"
EndProject
Global
	GlobalSection(SolutionConfigurationPlatforms) = preSolution
		Debug|x64 = Debug|x64
		Debug|x86 = Debug|x86
		Release|x64 = Release|x64
		Release|x86 = Release|x86
	EndGlobalSection
	GlobalSection(ProjectConfigurationPlatforms) = postSolution
		{B5D71631-70A3-45AC-B444-A93B59029A93}.Debug|x64.ActiveCfg = Debug|x64
		{B5D71631-70A3-45AC-B444-A93B59029A93}.Debug|x64.Build.0 = Debug|x64
		{B5D71631-70A3-45AC-B444-A93B59029A93}.Debug|x86.ActiveCfg = Debug|Win32
		{B5D71631-70A3-45AC-B444-A93B59029A93}.Debug|x86.Build.0 = Debug|Win32
		{B5D71631-70A3-45AC-B444-A93B59029A93}.Release|x64.ActiveCfg = Release|x64
		{B5D71631-70A3-45AC-B444-A93B59029A93}.Release|x64.Build.0 = Release|x64
		{B5D71631-70A3-45AC-B444-A93B59029A93}.Release|x86.ActiveCfg = Release|Win32
		{B5D71631-70A3-45AC-B444-A93B59029A93}.Release|x86.Build.0 = Release|Win32
		{3E2EF580-60C0-4015-8A7C-8A5CC205AA16}.Debug|x64.ActiveCfg = Debug|x64
		{3E2EF580-60C0-4015-8A7C-8A5CC205AA16}.Debug|x64.Build.0 = Debug|x64
		{3E2EF580-60C0-4015-8A7C-8A5CC205AA16}.Debug|x86.ActiveCfg = Debug|Win32
		{3E2EF580-60C0-4015-8A7C-8A5CC205AA16}.Debug|x86.Build.0 = Debug|Win32
		{3E2EF580-60C0-4015-8A7C-8A5CC205AA16}.Release|x64.ActiveCfg = Release|x64
		{3E2EF580-60C0-4015-8A7C-8A5CC205AA16}.Release|x64.Build.0 = Release|x64
		{3E2EF580-60C0-4015-8A7C-8A5CC205AA16}.Release|x86.ActiveCfg = Release|Win32
		{3E2EF580-60C0-4015-8A7C-8A5CC205AA16}.Release|x86.Build.0 = Release|Win32
		{64CE0809-A311-419A-9AD1-C4ABE7646B76}.Debug|x64.ActiveCfg = Debug|x64
		{64CE0809-A311-419A-9AD1-C4ABE7646B76}.Debug|x64.Build.0 = Debug|x64
		{64CE0809-A311-419A-9AD1-C4ABE7646B76}.Debug|x86.ActiveCfg = Debug|Win32
		{64CE0809-A311-419A-9AD1-C4ABE7646B76}.Debug|x86.Build.0 = Debug|Win32
		{64CE0809-A311-419A-9AD1-C4ABE7646B76}.Release|x64.ActiveCfg = Release|x64
		{64CE0809-A311-419A-9AD1-C4ABE7646B76}.Release|x64.Build.0 = Release|x64
		{64CE0809-A311-419A-9AD1-C4ABE7646B76}.Release|x86.ActiveCfg = Release|Win32
		{64CE0809-A311-419A-9AD1-C4ABE7646B76}.Release|x86.Build.0 = Release|Win32
		{9ADEC5DD-565F-46CB-8170-18E70C12BF96}.Debug|x64.ActiveCfg = Debug|x64
		{9ADEC5DD-565F-46CB-8170-18E70C12BF96}.Debug|x64.Build.0 = Debug|x64
		{9ADEC5DD-565F-46CB-8170-18E70C12BF96}.Debug|x86.ActiveCfg = Debug|Win32
		{9ADEC5DD-565F-46CB-8170-18E70C12BF96}.Debug|x86.Build.0 = Debug|Win32
		{9ADEC5DD-565F-46CB-8170-18E70C12BF96}.Release|x64.ActiveCfg = Release|x64
		{9ADEC5DD-565F-46CB-8170-18E70C12BF96}.Release|x64.Build.0 = Release|x64
		{9ADEC5DD-565F-46CB-8170-18E70C12BF96}.Release|x86.ActiveCfg = Release|Win32
		{9ADEC5DD-565F-46CB-8170-18E70C12BF96}.Release|x86.Build.0 = Release|Win32
		{516BCCFA-2558-4AA8-A822-E4FB9386C9FF}.Debug|x64.ActiveCfg = Debug|x64
		{516BCCFA-2558-4AA8-A822-E4FB9386C9FF}.Debug|x64.Build.0 = Debug|x64
		{516BCCFA-2558-4AA8-A822-E4FB9386C9FF}.Debug|x86.ActiveCfg = Debug|Win32
		{516BCCFA-2558-4AA8-A822-E4FB9386C9FF}.Debug|x86.Build.0 = Debug|Win32
		{516BCCFA-2558-4AA8-A822-E4FB9386C9FF}.Release|x64.ActiveCfg = Release|x64
		{516BCCFA-2558-4AA8-A822-E4FB9386C9FF}.Release|x64.Build.0 = Release|x64
		{516BCCFA-2558-4AA8-A822-E4FB9386C9FF}.Release|x86.ActiveCfg = Release|Win32
		{516BCCFA-2558-4AA8-A822-E4FB9386C9FF}.Release|x86.Build.0 = Release|Win32
		{4CA56232-F9BD-45BD-97C2-6D5356AE8060}.Debug|x64.ActiveCfg = Debug|x64
		{4CA56232-F9BD-45BD-97C2-6D5356AE8060}.Debug|x64.Build.0 = Debug|x64
		{4CA56232-F9BD-45BD-97C2-6D5356AE8060}.Debug|x86.ActiveCfg = Debug|Win32
		{4CA56232-F9BD-45BD-97C2-6D5356AE8060}.Debug|x86.Build.0 = Debug|Win32
		{4CA56232-F9BD-45BD-97C2-6D5356AE8060}.Release|x64.ActiveCfg = Release|x64
		{4CA56232-F9BD-45BD-97C2-6D5356AE8060}.Release|x64.Build.0 = Release|x64
		{4CA56232-F9BD-45BD-97C2-6D5356AE8060}.Release|x86.ActiveCfg = Release|Win32
		{4CA56232-F9BD-45BD-97C2-6D5356AE8060}.Release|x86.Build.0 = Release|Win32
		{E737E464-E1AD-42DD-B241-2BBEA5623910}.Debug|x64.ActiveCfg = Debug|x64
		{E737E464-E1AD-42DD-B241-2BBEA5623910}.Debug|x64.Build.0 = Debug|x64
		{E737E464-E1AD-42DD-B241-2BBEA5623910}.Debug|x86.ActiveCfg = Debug|Win32
		{E737E464-E1AD-42DD-B241-2BBEA5623910}.Debug|x86.Build.0 = Debug|Win32
		{E737E464-E1AD-42DD-B241-2BBEA5623910}.Release|x64.ActiveCfg = Release|x64
		{E737E464-E1AD-42DD-B241-2BBEA5623910}.Release|x64.Build.0 = Release|x64
		{E737E464-E1AD-42DD-B241-2BBEA5623910}.Release|x86.ActiveCfg = Release|Win32
		{E737E464-E1AD-42DD-B241-2BBEA5623910}.Release|x86.Build.0 = Release|Win32
		{00B10B5A-DF55-462C-94B9-848A815A2DA6}.Debug|x64.ActiveCfg = Debug|x64
		{00B10B5A-DF55-462C-94B9-848A815A2DA6}.Debug|x64.Build.0 = Debug|x64
		{00B10B5A-DF55-462C-94B9-848A815A2DA6}.Debug|x86.ActiveCfg = Debug|Win32
		{00B10B5A-DF55-462C-94B9-848A815A2DA6}.Debug|x86.Build.0 = Debug|Win32
		{00B10B5A-DF55-462C-94B9-848A815A2DA6}.Release|x64.ActiveCfg = Release|x64
		{00B10B5A-DF55-462C-94B9-848A815A2DA6}.Release|x64.Build.0 = Release|x64
		{00B10B5A-DF55-462C-94B9-848A815A2DA6}.Release|x86.ActiveCfg = Release|Win32
		{00B10B5A-DF55-462C-94B9-848A815A2DA6}.Release|x86.Build.0 = Release|Win32
		{BB12B0CA-0E72-4D8D-B33D-40A850E83675}.Debug|x64.ActiveCfg = Debug|x64
		{BB12B0CA-0E72-4D8D-B33D-40A850E83675}.Debug|x64.Build.0 = Debug|x64
		{BB12B0CA-0E72-4D8D-B33D-40A850E83675}.Debug|x86.ActiveCfg = Debug|Win32
		{BB12B0CA-0E72-4D8D-B33D-40A850E83675}.Debug|x86.Build.0 = Debug|Win32
		{BB12B0CA-0E72-4D8D-B33D-40A850E83675}.Release|x64.ActiveCfg = Release|x64
		{BB12B0CA-0E72-4D8D-B33D-40A850E83675}.Release|x64.Build.0 = Release|x64
		{BB12B0CA-0E72-4D8D-B33D-40A850E83675}.Release|x86.ActiveCfg = Release|Win32
		{BB12B0CA-0E72-4D8D-B33D-40A850E83675}.Release|x86.Build.0 = Release|Win32
		{1C79740B-0560-4657-ACC9-92FF737B060C}.Debug|x64.ActiveCfg = Debug|x64
		{1C79740B-0560-4657-ACC9-92FF737B060C}.Debug|x64.Build.0 = Debug|x64
		{1C79740B-0560-4657-ACC9-92FF737B060C}.Debug|x86.ActiveCfg = Debug|Win32
		{1C79740B-0560-4657-ACC9-92FF737B060C}.Debug|x86.Build.0 = Debug|Win32
		{1C79740B-0560-4657-ACC9-92FF737B060C}.Release|x64.ActiveCfg = Release|x64
		{1C79740B-0560-4657-ACC9-92FF737B060C}.Release|x64.Build.0 = Release|x64
		{1C79740B-0560-4657-ACC9-92FF737B060C}.Release|x86.ActiveCfg = Release|Win32
		{1C79740B-0560-4657-ACC9-92FF737B060C}.Release|x86.Build.0 = Release|Win32
		{CFE3FC09-877D-45C7-A966-60EE17E151AD}.Debug|x64.ActiveCfg = Debug|x64
		{CFE3FC09-877D-45C7-A966-60EE17E151AD}.Debug|x64.Build.0 = Debug|x64
		{CFE3FC09-877D-45C7-A966-60EE17E151AD}.Debug|x86.ActiveCfg = Debug|Win32
		{CFE3FC09-877D-45C7-A966-60EE17E151AD}.Debug|x86.Build.0 = Debug|Win32
		{CFE3FC09-877D-45C7-A966-60EE17E151AD}.Release|x64.ActiveCfg = Release|x64
		{CFE3FC09-877D-45C7-A966-60EE17E151AD}.Release|x64.Build.0 = Release|x64
		{CFE3FC09-877D-45C7-A966-60EE17E151AD}.Release|x86.ActiveCfg = Release|Win32
		{CFE3FC09-877D-45C7-A966-60EE17E151AD}.Release|x86.Build.0 = Release|Win32
		{754790E1-2309-4887-A760-ED158B735C35}.Debug|x64.ActiveCfg = Debug|x64
		{754790E1-2309-4887-A760-ED158B735C35}.Debug|x64.Build.0 = Debug|x64
		{754790E1-2309-4887-A760-ED158B735C35}.Debug|x86.ActiveCfg = Debug|Win32
		{754790E1-2309-4887-A760-ED158B735C35}.Debug|x86.Build.0 = Debug|Win32
		{754790E1-2309-4887-A760-ED158B735C35}.Release|x64.ActiveCfg = Release|x64
		{754790E1-2309-4887-A760-ED158B735C35}.Release|x64.Build.0 = Release|x64
		{754790E1-2309-4887-A760-ED158B735C35}.Release|x86.ActiveCfg = Release|Win32
		{754790E1-2309-4887-A760-ED158B735C35}.Release|x86.Build.0 = Release|Win32
	EndGlobalSection
	GlobalSection(SolutionProperties) = preSolution
		HideSolutionNode = FALSE
	EndGlobalSection
	GlobalSection(ExtensibilityGlobals) = postSolution
		SolutionGuid = {8AF4598F-39A8-4627-BF9E-BE0CB6A45DC0}
	EndGlobalSection
EndGlobal
